
Microsoft Visual Studio Solution File, Format Version 12.00
# Visual Studio Version 17
VisualStudioVersion = 17.8.34330.188
MinimumVisualStudioVersion = 10.0.40219.1
Project("{FAE04EC0-301F-11D3-BF4B-00C04F79EFBC}") = "tetreault-raph-a1-rpg", "tetreault-raph-a1-rpg.csproj", "{B626B296-A8A1-4975-B3D2-22FEBE70F292}"
EndProject
Global
	GlobalSection(SolutionConfigurationPlatforms) = preSolution
		Debug|Any CPU = Debug|Any CPU
		Release|Any CPU = Release|Any CPU
	EndGlobalSection
	GlobalSection(ProjectConfigurationPlatforms) = postSolution
		{B626B296-A8A1-4975-B3D2-22FEBE70F292}.Debug|Any CPU.ActiveCfg = Debug|Any CPU
		{B626B296-A8A1-4975-B3D2-22FEBE70F292}.Debug|Any CPU.Build.0 = Debug|Any CPU
		{B626B296-A8A1-4975-B3D2-22FEBE70F292}.Release|Any CPU.ActiveCfg = Release|Any CPU
		{B626B296-A8A1-4975-B3D2-22FEBE70F292}.Release|Any CPU.Build.0 = Release|Any CPU
	EndGlobalSection
	GlobalSection(SolutionProperties) = preSolution
		HideSolutionNode = FALSE
	EndGlobalSection
	GlobalSection(ExtensibilityGlobals) = postSolution
		SolutionGuid = {CAD72957-E0EC-411E-8148-E96EAA004296}
	EndGlobalSection
EndGlobal
